
Microsoft Visual Studio Solution File, Format Version 11.00
# Visual Studio 2010
Project("{8BC9CEB8-8B4A-11D0-8D11-00A0C91BC942}") = "Example", "Example.vcxproj", "{6D65C614-B9B7-48B6-94C5-E8805EF6F35D}"
	ProjectSection(ProjectDependencies) = postProject
		{51833952-8BA0-4C53-BCF7-28FACD84F5ED} = {51833952-8BA0-4C53-BCF7-28FACD84F5ED}
	EndProjectSection
EndProject
Project("{8BC9CEB8-8B4A-11D0-8D11-00A0C91BC942}") = "CSV", "..\CSV\CSV.vcxproj", "{51833952-8BA0-4C53-BCF7-28FACD84F5ED}"
EndProject
Global
	GlobalSection(SolutionConfigurationPlatforms) = preSolution
		Debug|Win32 = Debug|Win32
		Release|Win32 = Release|Win32
	EndGlobalSection
	GlobalSection(ProjectConfigurationPlatforms) = postSolution
		{6D65C614-B9B7-48B6-94C5-E8805EF6F35D}.Debug|Win32.ActiveCfg = Debug|Win32
		{6D65C614-B9B7-48B6-94C5-E8805EF6F35D}.Debug|Win32.Build.0 = Debug|Win32
		{6D65C614-B9B7-48B6-94C5-E8805EF6F35D}.Release|Win32.ActiveCfg = Release|Win32
		{6D65C614-B9B7-48B6-94C5-E8805EF6F35D}.Release|Win32.Build.0 = Release|Win32
		{51833952-8BA0-4C53-BCF7-28FACD84F5ED}.Debug|Win32.ActiveCfg = Debug|Win32
		{51833952-8BA0-4C53-BCF7-28FACD84F5ED}.Debug|Win32.Build.0 = Debug|Win32
		{51833952-8BA0-4C53-BCF7-28FACD84F5ED}.Release|Win32.ActiveCfg = Release|Win32
		{51833952-8BA0-4C53-BCF7-28FACD84F5ED}.Release|Win32.Build.0 = Release|Win32
	EndGlobalSection
	GlobalSection(SolutionProperties) = preSolution
		HideSolutionNode = FALSE
	EndGlobalSection
EndGlobal
